
Microsoft Visual Studio Solution File, Format Version 12.00
# Visual Studio Version 17
VisualStudioVersion = 17.0.32014.148
MinimumVisualStudioVersion = 10.0.40219.1
Project("{FAE04EC0-301F-11D3-BF4B-00C04F79EFBC}") = "ZilongDbTools", "SqlIndexManager.Net461\ZilongDbTools.csproj", "{11191578-7B34-46EF-AFA9-E91BCA8DA5B0}"
EndProject
Global
	GlobalSection(SolutionConfigurationPlatforms) = preSolution
		Debug|Any CPU = Debug|Any CPU
		Release|Any CPU = Release|Any CPU
	EndGlobalSection
	GlobalSection(ProjectConfigurationPlatforms) = postSolution
		{11191578-7B34-46EF-AFA9-E91BCA8DA5B0}.Debug|Any CPU.ActiveCfg = Debug|Any CPU
		{11191578-7B34-46EF-AFA9-E91BCA8DA5B0}.Debug|Any CPU.Build.0 = Debug|Any CPU
		{11191578-7B34-46EF-AFA9-E91BCA8DA5B0}.Release|Any CPU.ActiveCfg = Release|Any CPU
		{11191578-7B34-46EF-AFA9-E91BCA8DA5B0}.Release|Any CPU.Build.0 = Release|Any CPU
	EndGlobalSection
	GlobalSection(SolutionProperties) = preSolution
		HideSolutionNode = FALSE
	EndGlobalSection
	GlobalSection(ExtensibilityGlobals) = postSolution
		SolutionGuid = {26943590-9D2A-4C81-9125-4415786CC0F7}
	EndGlobalSection
EndGlobal
